
Microsoft Visual Studio Solution File, Format Version 12.00
# Visual Studio 2013
VisualStudioVersion = 12.0.30723.0
MinimumVisualStudioVersion = 10.0.40219.1
Project("{FAE04EC0-301F-11D3-BF4B-00C04F79EFBC}") = "FileContainer", "FileContainer\FileContainer.csproj", "{5A12F977-96A1-44F6-84FD-B30ABC48F7E9}"
EndProject
Project("{FAE04EC0-301F-11D3-BF4B-00C04F79EFBC}") = "FileContainerUI", "FileContainerUI\FileContainerUI.csproj", "{F1F57401-A0B7-4AFB-99CB-B6B3B9888EA2}"
EndProject
Global
	GlobalSection(SolutionConfigurationPlatforms) = preSolution
		Debug|Any CPU = Debug|Any CPU
		Release|Any CPU = Release|Any CPU
	EndGlobalSection
	GlobalSection(ProjectConfigurationPlatforms) = postSolution
		{5A12F977-96A1-44F6-84FD-B30ABC48F7E9}.Debug|Any CPU.ActiveCfg = Debug|Any CPU
		{5A12F977-96A1-44F6-84FD-B30ABC48F7E9}.Debug|Any CPU.Build.0 = Debug|Any CPU
		{5A12F977-96A1-44F6-84FD-B30ABC48F7E9}.Release|Any CPU.ActiveCfg = Release|Any CPU
		{5A12F977-96A1-44F6-84FD-B30ABC48F7E9}.Release|Any CPU.Build.0 = Release|Any CPU
		{F1F57401-A0B7-4AFB-99CB-B6B3B9888EA2}.Debug|Any CPU.ActiveCfg = Debug|Any CPU
		{F1F57401-A0B7-4AFB-99CB-B6B3B9888EA2}.Debug|Any CPU.Build.0 = Debug|Any CPU
		{F1F57401-A0B7-4AFB-99CB-B6B3B9888EA2}.Release|Any CPU.ActiveCfg = Release|Any CPU
		{F1F57401-A0B7-4AFB-99CB-B6B3B9888EA2}.Release|Any CPU.Build.0 = Release|Any CPU
	EndGlobalSection
	GlobalSection(SolutionProperties) = preSolution
		HideSolutionNode = FALSE
	EndGlobalSection
EndGlobal
